// !$*UTF8*$!
{
	archiveVersion = 1;
	classes = {
	};
	objectVersion = 46;
	objects = {

/* Begin PBXBuildFile section */
		580DC95315ADE104006FA8EC /* UIKit.framework in Frameworks */ = {isa = PBXBuildFile; fileRef = 580DC95215ADE104006FA8EC /* UIKit.framework */; };
		580DC95515ADE104006FA8EC /* Foundation.framework in Frameworks */ = {isa = PBXBuildFile; fileRef = 580DC95415ADE104006FA8EC /* Foundation.framework */; };
		580DC95715ADE104006FA8EC /* CoreGraphics.framework in Frameworks */ = {isa = PBXBuildFile; fileRef = 580DC95615ADE104006FA8EC /* CoreGraphics.framework */; };
		580DC95D15ADE104006FA8EC /* InfoPlist.strings in Resources */ = {isa = PBXBuildFile; fileRef = 580DC95B15ADE104006FA8EC /* InfoPlist.strings */; };
		580DC95F15ADE105006FA8EC /* main.m in Sources */ = {isa = PBXBuildFile; fileRef = 580DC95E15ADE105006FA8EC /* main.m */; };
		580DC96315ADE105006FA8EC /* AHTOHOBAppDelegate.m in Sources */ = {isa = PBXBuildFile; fileRef = 580DC96215ADE105006FA8EC /* AHTOHOBAppDelegate.m */; };
		580DC96615ADE105006FA8EC /* MainStoryboard_iPhone.storyboard in Resources */ = {isa = PBXBuildFile; fileRef = 580DC96415ADE105006FA8EC /* MainStoryboard_iPhone.storyboard */; };
		580DC96915ADE105006FA8EC /* MainStoryboard_iPad.storyboard in Resources */ = {isa = PBXBuildFile; fileRef = 580DC96715ADE105006FA8EC /* MainStoryboard_iPad.storyboard */; };
		580DC96C15ADE105006FA8EC /* AHTOHOBFirstViewController.m in Sources */ = {isa = PBXBuildFile; fileRef = 580DC96B15ADE105006FA8EC /* AHTOHOBFirstViewController.m */; };
		580DC96E15ADE105006FA8EC /* first.png in Resources */ = {isa = PBXBuildFile; fileRef = 580DC96D15ADE105006FA8EC /* first.png */; };
		580DC97015ADE105006FA8EC /* first@2x.png in Resources */ = {isa = PBXBuildFile; fileRef = 580DC96F15ADE105006FA8EC /* first@2x.png */; };
		580DC97315ADE105006FA8EC /* AHTOHOBSecondViewController.m in Sources */ = {isa = PBXBuildFile; fileRef = 580DC97215ADE105006FA8EC /* AHTOHOBSecondViewController.m */; };
		580DC97515ADE105006FA8EC /* second.png in Resources */ = {isa = PBXBuildFile; fileRef = 580DC97415ADE105006FA8EC /* second.png */; };
		580DC97715ADE105006FA8EC /* second@2x.png in Resources */ = {isa = PBXBuildFile; fileRef = 580DC97615ADE105006FA8EC /* second@2x.png */; };
		580DC97F15ADE105006FA8EC /* SenTestingKit.framework in Frameworks */ = {isa = PBXBuildFile; fileRef = 580DC97E15ADE105006FA8EC /* SenTestingKit.framework */; };
		580DC98015ADE105006FA8EC /* UIKit.framework in Frameworks */ = {isa = PBXBuildFile; fileRef = 580DC95215ADE104006FA8EC /* UIKit.framework */; };
		580DC98115ADE105006FA8EC /* Foundation.framework in Frameworks */ = {isa = PBXBuildFile; fileRef = 580DC95415ADE104006FA8EC /* Foundation.framework */; };
		580DC98915ADE105006FA8EC /* InfoPlist.strings in Resources */ = {isa = PBXBuildFile; fileRef = 580DC98715ADE105006FA8EC /* InfoPlist.strings */; };
		580DC98C15ADE105006FA8EC /* AN_TreckerTests.m in Sources */ = {isa = PBXBuildFile; fileRef = 580DC98B15ADE105006FA8EC /* AN_TreckerTests.m */; };
		5856CF1E163C8D0000264E96 /* Default-568h@2x.png in Resources */ = {isa = PBXBuildFile; fileRef = 5856CF1D163C8D0000264E96 /* Default-568h@2x.png */; };
/* End PBXBuildFile section */

/* Begin PBXContainerItemProxy section */
		580DC98215ADE105006FA8EC /* PBXContainerItemProxy */ = {
			isa = PBXContainerItemProxy;
			containerPortal = 580DC94515ADE104006FA8EC /* Project object */;
			proxyType = 1;
			remoteGlobalIDString = 580DC94D15ADE104006FA8EC;
			remoteInfo = "AN Trecker";
		};
/* End PBXContainerItemProxy section */

/* Begin PBXFileReference section */
		580DC94E15ADE104006FA8EC /* AN Trecker.app */ = {isa = PBXFileReference; explicitFileType = wrapper.application; includeInIndex = 0; path = "AN Trecker.app"; sourceTree = BUILT_PRODUCTS_DIR; };
		580DC95215ADE104006FA8EC /* UIKit.framework */ = {isa = PBXFileReference; lastKnownFileType = wrapper.framework; name = UIKit.framework; path = System/Library/Frameworks/UIKit.framework; sourceTree = SDKROOT; };
		580DC95415ADE104006FA8EC /* Foundation.framework */ = {isa = PBXFileReference; lastKnownFileType = wrapper.framework; name = Foundation.framework; path = System/Library/Frameworks/Foundation.framework; sourceTree = SDKROOT; };
		580DC95615ADE104006FA8EC /* CoreGraphics.framework */ = {isa = PBXFileReference; lastKnownFileType = wrapper.framework; name = CoreGraphics.framework; path = System/Library/Frameworks/CoreGraphics.framework; sourceTree = SDKROOT; };
		580DC95A15ADE104006FA8EC /* AN Trecker-Info.plist */ = {isa = PBXFileReference; lastKnownFileType = text.plist.xml; path = "AN Trecker-Info.plist"; sourceTree = "<group>"; };
		580DC95C15ADE104006FA8EC /* en */ = {isa = PBXFileReference; lastKnownFileType = text.plist.strings; name = en; path = en.lproj/InfoPlist.strings; sourceTree = "<group>"; };
		580DC95E15ADE105006FA8EC /* main.m */ = {isa = PBXFileReference; lastKnownFileType = sourcecode.c.objc; path = main.m; sourceTree = "<group>"; };
		580DC96015ADE105006FA8EC /* AN Trecker-Prefix.pch */ = {isa = PBXFileReference; lastKnownFileType = sourcecode.c.h; path = "AN Trecker-Prefix.pch"; sourceTree = "<group>"; };
		580DC96115ADE105006FA8EC /* AHTOHOBAppDelegate.h */ = {isa = PBXFileReference; lastKnownFileType = sourcecode.c.h; path = AHTOHOBAppDelegate.h; sourceTree = "<group>"; };
		580DC96215ADE105006FA8EC /* AHTOHOBAppDelegate.m */ = {isa = PBXFileReference; lastKnownFileType = sourcecode.c.objc; path = AHTOHOBAppDelegate.m; sourceTree = "<group>"; };
		580DC96515ADE105006FA8EC /* en */ = {isa = PBXFileReference; lastKnownFileType = file.storyboard; name = en; path = en.lproj/MainStoryboard_iPhone.storyboard; sourceTree = "<group>"; };
		580DC96815ADE105006FA8EC /* en */ = {isa = PBXFileReference; lastKnownFileType = file.storyboard; name = en; path = en.lproj/MainStoryboard_iPad.storyboard; sourceTree = "<group>"; };
		580DC96A15ADE105006FA8EC /* AHTOHOBFirstViewController.h */ = {isa = PBXFileReference; lastKnownFileType = sourcecode.c.h; path = AHTOHOBFirstViewController.h; sourceTree = "<group>"; };
		580DC96B15ADE105006FA8EC /* AHTOHOBFirstViewController.m */ = {isa = PBXFileReference; lastKnownFileType = sourcecode.c.objc; path = AHTOHOBFirstViewController.m; sourceTree = "<group>"; };
		580DC96D15ADE105006FA8EC /* first.png */ = {isa = PBXFileReference; lastKnownFileType = image.png; path = first.png; sourceTree = "<group>"; };
		580DC96F15ADE105006FA8EC /* first@2x.png */ = {isa = PBXFileReference; lastKnownFileType = image.png; path = "first@2x.png"; sourceTree = "<group>"; };
		580DC97115ADE105006FA8EC /* AHTOHOBSecondViewController.h */ = {isa = PBXFileReference; lastKnownFileType = sourcecode.c.h; path = AHTOHOBSecondViewController.h; sourceTree = "<group>"; };
		580DC97215ADE105006FA8EC /* AHTOHOBSecondViewController.m */ = {isa = PBXFileReference; lastKnownFileType = sourcecode.c.objc; path = AHTOHOBSecondViewController.m; sourceTree = "<group>"; };
		580DC97415ADE105006FA8EC /* second.png */ = {isa = PBXFileReference; lastKnownFileType = image.png; path = second.png; sourceTree = "<group>"; };
		580DC97615ADE105006FA8EC /* second@2x.png */ = {isa = PBXFileReference; lastKnownFileType = image.png; path = "second@2x.png"; sourceTree = "<group>"; };
		580DC97D15ADE105006FA8EC /* AN TreckerTests.octest */ = {isa = PBXFileReference; explicitFileType = wrapper.cfbundle; includeInIndex = 0; path = "AN TreckerTests.octest"; sourceTree = BUILT_PRODUCTS_DIR; };
		580DC97E15ADE105006FA8EC /* SenTestingKit.framework */ = {isa = PBXFileReference; lastKnownFileType = wrapper.framework; name = SenTestingKit.framework; path = Library/Frameworks/SenTestingKit.framework; sourceTree = DEVELOPER_DIR; };
		580DC98615ADE105006FA8EC /* AN TreckerTests-Info.plist */ = {isa = PBXFileReference; lastKnownFileType = text.plist.xml; path = "AN TreckerTests-Info.plist"; sourceTree = "<group>"; };
		580DC98815ADE105006FA8EC /* en */ = {isa = PBXFileReference; lastKnownFileType = text.plist.strings; name = en; path = en.lproj/InfoPlist.strings; sourceTree = "<group>"; };
		580DC98A15ADE105006FA8EC /* AN_TreckerTests.h */ = {isa = PBXFileReference; lastKnownFileType = sourcecode.c.h; path = AN_TreckerTests.h; sourceTree = "<group>"; };
		580DC98B15ADE105006FA8EC /* AN_TreckerTests.m */ = {isa = PBXFileReference; lastKnownFileType = sourcecode.c.objc; path = AN_TreckerTests.m; sourceTree = "<group>"; };
		5856CF1D163C8D0000264E96 /* Default-568h@2x.png */ = {isa = PBXFileReference; lastKnownFileType = image.png; path = "Default-568h@2x.png"; sourceTree = "<group>"; };
/* End PBXFileReference section */

/* Begin PBXFrameworksBuildPhase section */
		580DC94B15ADE104006FA8EC /* Frameworks */ = {
			isa = PBXFrameworksBuildPhase;
			buildActionMask = 2147483647;
			files = (
				580DC95315ADE104006FA8EC /* UIKit.framework in Frameworks */,
				580DC95515ADE104006FA8EC /* Foundation.framework in Frameworks */,
				580DC95715ADE104006FA8EC /* CoreGraphics.framework in Frameworks */,
			);
			runOnlyForDeploymentPostprocessing = 0;
		};
		580DC97915ADE105006FA8EC /* Frameworks */ = {
			isa = PBXFrameworksBuildPhase;
			buildActionMask = 2147483647;
			files = (
				580DC97F15ADE105006FA8EC /* SenTestingKit.framework in Frameworks */,
				580DC98015ADE105006FA8EC /* UIKit.framework in Frameworks */,
				580DC98115ADE105006FA8EC /* Foundation.framework in Frameworks */,
			);
			runOnlyForDeploymentPostprocessing = 0;
		};
/* End PBXFrameworksBuildPhase section */

/* Begin PBXGroup section */
		580DC94315ADE104006FA8EC = {
			isa = PBXGroup;
			children = (
				5856CF1D163C8D0000264E96 /* Default-568h@2x.png */,
				580DC95815ADE104006FA8EC /* AN Trecker */,
				580DC98415ADE105006FA8EC /* AN TreckerTests */,
				580DC95115ADE104006FA8EC /* Frameworks */,
				580DC94F15ADE104006FA8EC /* Products */,
			);
			sourceTree = "<group>";
		};
		580DC94F15ADE104006FA8EC /* Products */ = {
			isa = PBXGroup;
			children = (
				580DC94E15ADE104006FA8EC /* AN Trecker.app */,
				580DC97D15ADE105006FA8EC /* AN TreckerTests.octest */,
			);
			name = Products;
			sourceTree = "<group>";
		};
		580DC95115ADE104006FA8EC /* Frameworks */ = {
			isa = PBXGroup;
			children = (
				580DC95215ADE104006FA8EC /* UIKit.framework */,
				580DC95415ADE104006FA8EC /* Foundation.framework */,
				580DC95615ADE104006FA8EC /* CoreGraphics.framework */,
				580DC97E15ADE105006FA8EC /* SenTestingKit.framework */,
			);
			name = Frameworks;
			sourceTree = "<group>";
		};
		580DC95815ADE104006FA8EC /* AN Trecker */ = {
			isa = PBXGroup;
			children = (
				580DC96115ADE105006FA8EC /* AHTOHOBAppDelegate.h */,
				580DC96215ADE105006FA8EC /* AHTOHOBAppDelegate.m */,
				580DC96415ADE105006FA8EC /* MainStoryboard_iPhone.storyboard */,
				580DC96715ADE105006FA8EC /* MainStoryboard_iPad.storyboard */,
				580DC96A15ADE105006FA8EC /* AHTOHOBFirstViewController.h */,
				580DC96B15ADE105006FA8EC /* AHTOHOBFirstViewController.m */,
				580DC96D15ADE105006FA8EC /* first.png */,
				580DC96F15ADE105006FA8EC /* first@2x.png */,
				580DC97115ADE105006FA8EC /* AHTOHOBSecondViewController.h */,
				580DC97215ADE105006FA8EC /* AHTOHOBSecondViewController.m */,
				580DC97415ADE105006FA8EC /* second.png */,
				580DC97615ADE105006FA8EC /* second@2x.png */,
				580DC95915ADE104006FA8EC /* Supporting Files */,
			);
			path = "AN Trecker";
			sourceTree = "<group>";
		};
		580DC95915ADE104006FA8EC /* Supporting Files */ = {
			isa = PBXGroup;
			children = (
				580DC95A15ADE104006FA8EC /* AN Trecker-Info.plist */,
				580DC95B15ADE104006FA8EC /* InfoPlist.strings */,
				580DC95E15ADE105006FA8EC /* main.m */,
				580DC96015ADE105006FA8EC /* AN Trecker-Prefix.pch */,
			);
			name = "Supporting Files";
			sourceTree = "<group>";
		};
		580DC98415ADE105006FA8EC /* AN TreckerTests */ = {
			isa = PBXGroup;
			children = (
				580DC98A15ADE105006FA8EC /* AN_TreckerTests.h */,
				580DC98B15ADE105006FA8EC /* AN_TreckerTests.m */,
				580DC98515ADE105006FA8EC /* Supporting Files */,
			);
			path = "AN TreckerTests";
			sourceTree = "<group>";
		};
		580DC98515ADE105006FA8EC /* Supporting Files */ = {
			isa = PBXGroup;
			children = (
				580DC98615ADE105006FA8EC /* AN TreckerTests-Info.plist */,
				580DC98715ADE105006FA8EC /* InfoPlist.strings */,
			);
			name = "Supporting Files";
			sourceTree = "<group>";
		};
/* End PBXGroup section */

/* Begin PBXNativeTarget section */
		580DC94D15ADE104006FA8EC /* AN Trecker */ = {
			isa = PBXNativeTarget;
			buildConfigurationList = 580DC98F15ADE105006FA8EC /* Build configuration list for PBXNativeTarget "AN Trecker" */;
			buildPhases = (
				580DC94A15ADE104006FA8EC /* Sources */,
				580DC94B15ADE104006FA8EC /* Frameworks */,
				580DC94C15ADE104006FA8EC /* Resources */,
			);
			buildRules = (
			);
			dependencies = (
			);
			name = "AN Trecker";
			productName = "AN Trecker";
			productReference = 580DC94E15ADE104006FA8EC /* AN Trecker.app */;
			productType = "com.apple.product-type.application";
		};
		580DC97C15ADE105006FA8EC /* AN TreckerTests */ = {
			isa = PBXNativeTarget;
			buildConfigurationList = 580DC99215ADE105006FA8EC /* Build configuration list for PBXNativeTarget "AN TreckerTests" */;
			buildPhases = (
				580DC97815ADE105006FA8EC /* Sources */,
				580DC97915ADE105006FA8EC /* Frameworks */,
				580DC97A15ADE105006FA8EC /* Resources */,
				580DC97B15ADE105006FA8EC /* ShellScript */,
			);
			buildRules = (
			);
			dependencies = (
				580DC98315ADE105006FA8EC /* PBXTargetDependency */,
			);
			name = "AN TreckerTests";
			productName = "AN TreckerTests";
			productReference = 580DC97D15ADE105006FA8EC /* AN TreckerTests.octest */;
			productType = "com.apple.product-type.bundle";
		};
/* End PBXNativeTarget section */

/* Begin PBXProject section */
		580DC94515ADE104006FA8EC /* Project object */ = {
			isa = PBXProject;
			attributes = {
				LastUpgradeCheck = 0450;
			};
			buildConfigurationList = 580DC94815ADE104006FA8EC /* Build configuration list for PBXProject "AN Trecker" */;
			compatibilityVersion = "Xcode 3.2";
			developmentRegion = English;
			hasScannedForEncodings = 0;
			knownRegions = (
				en,
			);
			mainGroup = 580DC94315ADE104006FA8EC;
			productRefGroup = 580DC94F15ADE104006FA8EC /* Products */;
			projectDirPath = "";
			projectRoot = "";
			targets = (
				580DC94D15ADE104006FA8EC /* AN Trecker */,
				580DC97C15ADE105006FA8EC /* AN TreckerTests */,
			);
		};
/* End PBXProject section */

/* Begin PBXResourcesBuildPhase section */
		580DC94C15ADE104006FA8EC /* Resources */ = {
			isa = PBXResourcesBuildPhase;
			buildActionMask = 2147483647;
			files = (
				580DC95D15ADE104006FA8EC /* InfoPlist.strings in Resources */,
				580DC96615ADE105006FA8EC /* MainStoryboard_iPhone.storyboard in Resources */,
				580DC96915ADE105006FA8EC /* MainStoryboard_iPad.storyboard in Resources */,
				580DC96E15ADE105006FA8EC /* first.png in Resources */,
				580DC97015ADE105006FA8EC /* first@2x.png in Resources */,
				580DC97515ADE105006FA8EC /* second.png in Resources */,
				580DC97715ADE105006FA8EC /* second@2x.png in Resources */,
				5856CF1E163C8D0000264E96 /* Default-568h@2x.png in Resources */,
			);
			runOnlyForDeploymentPostprocessing = 0;
		};
		580DC97A15ADE105006FA8EC /* Resources */ = {
			isa = PBXResourcesBuildPhase;
			buildActionMask = 2147483647;
			files = (
				580DC98915ADE105006FA8EC /* InfoPlist.strings in Resources */,
			);
			runOnlyForDeploymentPostprocessing = 0;
		};
/* End PBXResourcesBuildPhase section */

/* Begin PBXShellScriptBuildPhase section */
		580DC97B15ADE105006FA8EC /* ShellScript */ = {
			isa = PBXShellScriptBuildPhase;
			buildActionMask = 2147483647;
			files = (
			);
			inputPaths = (
			);
			outputPaths = (
			);
			runOnlyForDeploymentPostprocessing = 0;
			shellPath = /bin/sh;
			shellScript = "# Run the unit tests in this test bundle.\n\"${SYSTEM_DEVELOPER_DIR}/Tools/RunUnitTests\"\n";
		};
/* End PBXShellScriptBuildPhase section */

/* Begin PBXSourcesBuildPhase section */
		580DC94A15ADE104006FA8EC /* Sources */ = {
			isa = PBXSourcesBuildPhase;
			buildActionMask = 2147483647;
			files = (
				580DC95F15ADE105006FA8EC /* main.m in Sources */,
				580DC96315ADE105006FA8EC /* AHTOHOBAppDelegate.m in Sources */,
				580DC96C15ADE105006FA8EC /* AHTOHOBFirstViewController.m in Sources */,
				580DC97315ADE105006FA8EC /* AHTOHOBSecondViewController.m in Sources */,
			);
			runOnlyForDeploymentPostprocessing = 0;
		};
		580DC97815ADE105006FA8EC /* Sources */ = {
			isa = PBXSourcesBuildPhase;
			buildActionMask = 2147483647;
			files = (
				580DC98C15ADE105006FA8EC /* AN_TreckerTests.m in Sources */,
			);
			runOnlyForDeploymentPostprocessing = 0;
		};
/* End PBXSourcesBuildPhase section */

/* Begin PBXTargetDependency section */
		580DC98315ADE105006FA8EC /* PBXTargetDependency */ = {
			isa = PBXTargetDependency;
			target = 580DC94D15ADE104006FA8EC /* AN Trecker */;
			targetProxy = 580DC98215ADE105006FA8EC /* PBXContainerItemProxy */;
		};
/* End PBXTargetDependency section */

/* Begin PBXVariantGroup section */
		580DC95B15ADE104006FA8EC /* InfoPlist.strings */ = {
			isa = PBXVariantGroup;
			children = (
				580DC95C15ADE104006FA8EC /* en */,
			);
			name = InfoPlist.strings;
			sourceTree = "<group>";
		};
		580DC96415ADE105006FA8EC /* MainStoryboard_iPhone.storyboard */ = {
			isa = PBXVariantGroup;
			children = (
				580DC96515ADE105006FA8EC /* en */,
			);
			name = MainStoryboard_iPhone.storyboard;
			sourceTree = "<group>";
		};
		580DC96715ADE105006FA8EC /* MainStoryboard_iPad.storyboard */ = {
			isa = PBXVariantGroup;
			children = (
				580DC96815ADE105006FA8EC /* en */,
			);
			name = MainStoryboard_iPad.storyboard;
			sourceTree = "<group>";
		};
		580DC98715ADE105006FA8EC /* InfoPlist.strings */ = {
			isa = PBXVariantGroup;
			children = (
				580DC98815ADE105006FA8EC /* en */,
			);
			name = InfoPlist.strings;
			sourceTree = "<group>";
		};
/* End PBXVariantGroup section */

/* Begin XCBuildConfiguration section */
		580DC98D15ADE105006FA8EC /* Debug */ = {
			isa = XCBuildConfiguration;
			buildSettings = {
				ALWAYS_SEARCH_USER_PATHS = NO;
				ARCHS = "$(ARCHS_STANDARD_32_BIT)";
				CLANG_ENABLE_OBJC_ARC = YES;
				"CODE_SIGN_IDENTITY[sdk=iphoneos*]" = "iPhone Developer";
				COPY_PHASE_STRIP = NO;
				GCC_C_LANGUAGE_STANDARD = gnu99;
				GCC_DYNAMIC_NO_PIC = NO;
				GCC_OPTIMIZATION_LEVEL = 0;
				GCC_PREPROCESSOR_DEFINITIONS = (
					"DEBUG=1",
					"$(inherited)",
				);
				GCC_SYMBOLS_PRIVATE_EXTERN = NO;
				GCC_VERSION = com.apple.compilers.llvm.clang.1_0;
				GCC_WARN_ABOUT_MISSING_PROTOTYPES = YES;
				GCC_WARN_ABOUT_RETURN_TYPE = YES;
				GCC_WARN_UNUSED_VARIABLE = YES;
				IPHONEOS_DEPLOYMENT_TARGET = 5.0;
				SDKROOT = iphoneos;
				TARGETED_DEVICE_FAMILY = "1,2";
			};
			name = Debug;
		};
		580DC98E15ADE105006FA8EC /* Release */ = {
			isa = XCBuildConfiguration;
			buildSettings = {
				ALWAYS_SEARCH_USER_PATHS = NO;
				ARCHS = "$(ARCHS_STANDARD_32_BIT)";
				CLANG_ENABLE_OBJC_ARC = YES;
				"CODE_SIGN_IDENTITY[sdk=iphoneos*]" = "iPhone Developer";
				COPY_PHASE_STRIP = YES;
				GCC_C_LANGUAGE_STANDARD = gnu99;
				GCC_VERSION = com.apple.compilers.llvm.clang.1_0;
				GCC_WARN_ABOUT_MISSING_PROTOTYPES = YES;
				GCC_WARN_ABOUT_RETURN_TYPE = YES;
				GCC_WARN_UNUSED_VARIABLE = YES;
				IPHONEOS_DEPLOYMENT_TARGET = 5.0;
				OTHER_CFLAGS = "-DNS_BLOCK_ASSERTIONS=1";
				SDKROOT = iphoneos;
				TARGETED_DEVICE_FAMILY = "1,2";
				VALIDATE_PRODUCT = YES;
			};
			name = Release;
		};
		580DC99015ADE105006FA8EC /* Debug */ = {
			isa = XCBuildConfiguration;
			buildSettings = {
				GCC_PRECOMPILE_PREFIX_HEADER = YES;
				GCC_PREFIX_HEADER = "AN Trecker/AN Trecker-Prefix.pch";
				INFOPLIST_FILE = "AN Trecker/AN Trecker-Info.plist";
				PRODUCT_NAME = "$(TARGET_NAME)";
				WRAPPER_EXTENSION = app;
			};
			name = Debug;
		};
		580DC99115ADE105006FA8EC /* Release */ = {
			isa = XCBuildConfiguration;
			buildSettings = {
				GCC_PRECOMPILE_PREFIX_HEADER = YES;
				GCC_PREFIX_HEADER = "AN Trecker/AN Trecker-Prefix.pch";
				INFOPLIST_FILE = "AN Trecker/AN Trecker-Info.plist";
				PRODUCT_NAME = "$(TARGET_NAME)";
				WRAPPER_EXTENSION = app;
			};
			name = Release;
		};
		580DC99315ADE105006FA8EC /* Debug */ = {
			isa = XCBuildConfiguration;
			buildSettings = {
				BUNDLE_LOADER = "$(BUILT_PRODUCTS_DIR)/AN Trecker.app/AN Trecker";
				FRAMEWORK_SEARCH_PATHS = (
					"$(SDKROOT)/Developer/Library/Frameworks",
					"$(DEVELOPER_LIBRARY_DIR)/Frameworks",
				);
				GCC_PRECOMPILE_PREFIX_HEADER = YES;
				GCC_PREFIX_HEADER = "AN Trecker/AN Trecker-Prefix.pch";
				INFOPLIST_FILE = "AN TreckerTests/AN TreckerTests-Info.plist";
				PRODUCT_NAME = "$(TARGET_NAME)";
				TEST_HOST = "$(BUNDLE_LOADER)";
				WRAPPER_EXTENSION = octest;
			};
			name = Debug;
		};
		580DC99415ADE105006FA8EC /* Release */ = {
			isa = XCBuildConfiguration;
			buildSettings = {
				BUNDLE_LOADER = "$(BUILT_PRODUCTS_DIR)/AN Trecker.app/AN Trecker";
				FRAMEWORK_SEARCH_PATHS = (
					"$(SDKROOT)/Developer/Library/Frameworks",
					"$(DEVELOPER_LIBRARY_DIR)/Frameworks",
				);
				GCC_PRECOMPILE_PREFIX_HEADER = YES;
				GCC_PREFIX_HEADER = "AN Trecker/AN Trecker-Prefix.pch";
				INFOPLIST_FILE = "AN TreckerTests/AN TreckerTests-Info.plist";
				PRODUCT_NAME = "$(TARGET_NAME)";
				TEST_HOST = "$(BUNDLE_LOADER)";
				WRAPPER_EXTENSION = octest;
			};
			name = Release;
		};
/* End XCBuildConfiguration section */

/* Begin XCConfigurationList section */
		580DC94815ADE104006FA8EC /* Build configuration list for PBXProject "AN Trecker" */ = {
			isa = XCConfigurationList;
			buildConfigurations = (
				580DC98D15ADE105006FA8EC /* Debug */,
				580DC98E15ADE105006FA8EC /* Release */,
			);
			defaultConfigurationIsVisible = 0;
			defaultConfigurationName = Release;
		};
		580DC98F15ADE105006FA8EC /* Build configuration list for PBXNativeTarget "AN Trecker" */ = {
			isa = XCConfigurationList;
			buildConfigurations = (
				580DC99015ADE105006FA8EC /* Debug */,
				580DC99115ADE105006FA8EC /* Release */,
			);
			defaultConfigurationIsVisible = 0;
			defaultConfigurationName = Release;
		};
		580DC99215ADE105006FA8EC /* Build configuration list for PBXNativeTarget "AN TreckerTests" */ = {
			isa = XCConfigurationList;
			buildConfigurations = (
				580DC99315ADE105006FA8EC /* Debug */,
				580DC99415ADE105006FA8EC /* Release */,
			);
			defaultConfigurationIsVisible = 0;
			defaultConfigurationName = Release;
		};
/* End XCConfigurationList section */
	};
	rootObject = 580DC94515ADE104006FA8EC /* Project object */;
}
